Microsoft Visual Studio Solution File, Format Version 12.00
# Visual Studio Version 17
VisualStudioVersion = 17.5.2.0
MinimumVisualStudioVersion = 10.0.40219.1
Project("{FAE04EC0-301F-11D3-BF4B-00C04F79EFBC}") = "hello-c-sharp-parkwoobin", "hello-c-sharp-parkwoobin.csproj", "{4D65BAC7-8BB7-CFD7-61D4-8D8D2753F3C5}"
EndProject
Global
	GlobalSection(SolutionConfigurationPlatforms) = preSolution
		Debug|Any CPU = Debug|Any CPU
		Release|Any CPU = Release|Any CPU
	EndGlobalSection
	GlobalSection(ProjectConfigurationPlatforms) = postSolution
		{4D65BAC7-8BB7-CFD7-61D4-8D8D2753F3C5}.Debug|Any CPU.ActiveCfg = Debug|Any CPU
		{4D65BAC7-8BB7-CFD7-61D4-8D8D2753F3C5}.Debug|Any CPU.Build.0 = Debug|Any CPU
		{4D65BAC7-8BB7-CFD7-61D4-8D8D2753F3C5}.Release|Any CPU.ActiveCfg = Release|Any CPU
		{4D65BAC7-8BB7-CFD7-61D4-8D8D2753F3C5}.Release|Any CPU.Build.0 = Release|Any CPU
	EndGlobalSection
	GlobalSection(SolutionProperties) = preSolution
		HideSolutionNode = FALSE
	EndGlobalSection
	GlobalSection(ExtensibilityGlobals) = postSolution
		SolutionGuid = {833D6AB3-0FF0-4B7E-A1D0-9107D8CC69EF}
	EndGlobalSection
EndGlobal
